
Microsoft Visual Studio Solution File, Format Version 12.00
# Visual Studio Version 17
VisualStudioVersion = 17.0.31903.59
MinimumVisualStudioVersion = 10.0.40219.1
Project("{FAE04EC0-301F-11D3-BF4B-00C04F79EFBC}") = "Infrastructure", "Infrastructure\Infrastructure.csproj", "{5530B63C-EEDD-47AD-BD42-B227F0494E3E}"
EndProject
Project("{FAE04EC0-301F-11D3-BF4B-00C04F79EFBC}") = "Domain", "Domain\Domain.csproj", "{67B22FE3-F958-4CAF-BC26-D2323F5FC865}"
EndProject
Project("{FAE04EC0-301F-11D3-BF4B-00C04F79EFBC}") = "Contracts", "Contracts\Contracts.csproj", "{C426C888-B15E-47E9-A2E0-1588ED66F5BF}"
EndProject
Project("{FAE04EC0-301F-11D3-BF4B-00C04F79EFBC}") = "Application", "Application\Application.csproj", "{79836ECF-9550-44CC-B8F3-31D359E3E558}"
EndProject
Project("{FAE04EC0-301F-11D3-BF4B-00C04F79EFBC}") = "Api", "Api\Api.csproj", "{881F2106-2F5C-4889-91D3-CAA84ACF3943}"
EndProject
Global
	GlobalSection(SolutionConfigurationPlatforms) = preSolution
		Debug|Any CPU = Debug|Any CPU
		Release|Any CPU = Release|Any CPU
	EndGlobalSection
	GlobalSection(SolutionProperties) = preSolution
		HideSolutionNode = FALSE
	EndGlobalSection
	GlobalSection(ProjectConfigurationPlatforms) = postSolution
		{5530B63C-EEDD-47AD-BD42-B227F0494E3E}.Debug|Any CPU.ActiveCfg = Debug|Any CPU
		{5530B63C-EEDD-47AD-BD42-B227F0494E3E}.Debug|Any CPU.Build.0 = Debug|Any CPU
		{5530B63C-EEDD-47AD-BD42-B227F0494E3E}.Release|Any CPU.ActiveCfg = Release|Any CPU
		{5530B63C-EEDD-47AD-BD42-B227F0494E3E}.Release|Any CPU.Build.0 = Release|Any CPU
		{67B22FE3-F958-4CAF-BC26-D2323F5FC865}.Debug|Any CPU.ActiveCfg = Debug|Any CPU
		{67B22FE3-F958-4CAF-BC26-D2323F5FC865}.Debug|Any CPU.Build.0 = Debug|Any CPU
		{67B22FE3-F958-4CAF-BC26-D2323F5FC865}.Release|Any CPU.ActiveCfg = Release|Any CPU
		{67B22FE3-F958-4CAF-BC26-D2323F5FC865}.Release|Any CPU.Build.0 = Release|Any CPU
		{C426C888-B15E-47E9-A2E0-1588ED66F5BF}.Debug|Any CPU.ActiveCfg = Debug|Any CPU
		{C426C888-B15E-47E9-A2E0-1588ED66F5BF}.Debug|Any CPU.Build.0 = Debug|Any CPU
		{C426C888-B15E-47E9-A2E0-1588ED66F5BF}.Release|Any CPU.ActiveCfg = Release|Any CPU
		{C426C888-B15E-47E9-A2E0-1588ED66F5BF}.Release|Any CPU.Build.0 = Release|Any CPU
		{79836ECF-9550-44CC-B8F3-31D359E3E558}.Debug|Any CPU.ActiveCfg = Debug|Any CPU
		{79836ECF-9550-44CC-B8F3-31D359E3E558}.Debug|Any CPU.Build.0 = Debug|Any CPU
		{79836ECF-9550-44CC-B8F3-31D359E3E558}.Release|Any CPU.ActiveCfg = Release|Any CPU
		{79836ECF-9550-44CC-B8F3-31D359E3E558}.Release|Any CPU.Build.0 = Release|Any CPU
		{881F2106-2F5C-4889-91D3-CAA84ACF3943}.Debug|Any CPU.ActiveCfg = Debug|Any CPU
		{881F2106-2F5C-4889-91D3-CAA84ACF3943}.Debug|Any CPU.Build.0 = Debug|Any CPU
		{881F2106-2F5C-4889-91D3-CAA84ACF3943}.Release|Any CPU.ActiveCfg = Release|Any CPU
		{881F2106-2F5C-4889-91D3-CAA84ACF3943}.Release|Any CPU.Build.0 = Release|Any CPU
	EndGlobalSection
EndGlobal
